// !$*UTF8*$!
{
	archiveVersion = 1;
	classes = {
	};
	objectVersion = 50;
	objects = {

/* Begin PBXBuildFile section */
		70767A0521C6D73100017090 /* AppDelegate.swift in Sources */ = {isa = PBXBuildFile; fileRef = 70767A0421C6D73100017090 /* AppDelegate.swift */; };
		70767A0721C6D73100017090 /* ViewController.swift in Sources */ = {isa = PBXBuildFile; fileRef = 70767A0621C6D73100017090 /* ViewController.swift */; };
		70767A0A21C6D73100017090 /* Main.storyboard in Resources */ = {isa = PBXBuildFile; fileRef = 70767A0821C6D73100017090 /* Main.storyboard */; };
		70767A0C21C6D73300017090 /* Assets.xcassets in Resources */ = {isa = PBXBuildFile; fileRef = 70767A0B21C6D73300017090 /* Assets.xcassets */; };
		70767A0F21C6D73300017090 /* LaunchScreen.storyboard in Resources */ = {isa = PBXBuildFile; fileRef = 70767A0D21C6D73300017090 /* LaunchScreen.storyboard */; };
		70767A1A21C6D73300017090 /* IceCreamFactoryTests.swift in Sources */ = {isa = PBXBuildFile; fileRef = 70767A1921C6D73300017090 /* IceCreamFactoryTests.swift */; };
/* End PBXBuildFile section */

/* Begin PBXContainerItemProxy section */
		70767A1621C6D73300017090 /* PBXContainerItemProxy */ = {
			isa = PBXContainerItemProxy;
			containerPortal = 707679F921C6D73100017090 /* Project object */;
			proxyType = 1;
			remoteGlobalIDString = 70767A0021C6D73100017090;
			remoteInfo = IceCreamFactory;
		};
/* End PBXContainerItemProxy section */

/* Begin PBXFileReference section */
		70767A0121C6D73100017090 /* IceCreamFactory.app */ = {isa = PBXFileReference; explicitFileType = wrapper.application; includeInIndex = 0; path = IceCreamFactory.app; sourceTree = BUILT_PRODUCTS_DIR; };
		70767A0421C6D73100017090 /* AppDelegate.swift */ = {isa = PBXFileReference; lastKnownFileType = sourcecode.swift; path = AppDelegate.swift; sourceTree = "<group>"; };
		70767A0621C6D73100017090 /* ViewController.swift */ = {isa = PBXFileReference; lastKnownFileType = sourcecode.swift; path = ViewController.swift; sourceTree = "<group>"; };
		70767A0921C6D73100017090 /* Base */ = {isa = PBXFileReference; lastKnownFileType = file.storyboard; name = Base; path = Base.lproj/Main.storyboard; sourceTree = "<group>"; };
		70767A0B21C6D73300017090 /* Assets.xcassets */ = {isa = PBXFileReference; lastKnownFileType = folder.assetcatalog; path = Assets.xcassets; sourceTree = "<group>"; };
		70767A0E21C6D73300017090 /* Base */ = {isa = PBXFileReference; lastKnownFileType = file.storyboard; name = Base; path = Base.lproj/LaunchScreen.storyboard; sourceTree = "<group>"; };
		70767A1021C6D73300017090 /* Info.plist */ = {isa = PBXFileReference; lastKnownFileType = text.plist.xml; path = Info.plist; sourceTree = "<group>"; };
		70767A1521C6D73300017090 /* IceCreamFactoryTests.xctest */ = {isa = PBXFileReference; explicitFileType = wrapper.cfbundle; includeInIndex = 0; path = IceCreamFactoryTests.xctest; sourceTree = BUILT_PRODUCTS_DIR; };
		70767A1921C6D73300017090 /* IceCreamFactoryTests.swift */ = {isa = PBXFileReference; lastKnownFileType = sourcecode.swift; path = IceCreamFactoryTests.swift; sourceTree = "<group>"; };
		70767A1B21C6D73300017090 /* Info.plist */ = {isa = PBXFileReference; lastKnownFileType = text.plist.xml; path = Info.plist; sourceTree = "<group>"; };
/* End PBXFileReference section */

/* Begin PBXFrameworksBuildPhase section */
		707679FE21C6D73100017090 /* Frameworks */ = {
			isa = PBXFrameworksBuildPhase;
			buildActionMask = 2147483647;
			files = (
			);
			runOnlyForDeploymentPostprocessing = 0;
		};
		70767A1221C6D73300017090 /* Frameworks */ = {
			isa = PBXFrameworksBuildPhase;
			buildActionMask = 2147483647;
			files = (
			);
			runOnlyForDeploymentPostprocessing = 0;
		};
/* End PBXFrameworksBuildPhase section */

/* Begin PBXGroup section */
		707679F821C6D73100017090 = {
			isa = PBXGroup;
			children = (
				70767A0321C6D73100017090 /* IceCreamFactory */,
				70767A1821C6D73300017090 /* IceCreamFactoryTests */,
				70767A0221C6D73100017090 /* Products */,
			);
			sourceTree = "<group>";
		};
		70767A0221C6D73100017090 /* Products */ = {
			isa = PBXGroup;
			children = (
				70767A0121C6D73100017090 /* IceCreamFactory.app */,
				70767A1521C6D73300017090 /* IceCreamFactoryTests.xctest */,
			);
			name = Products;
			sourceTree = "<group>";
		};
		70767A0321C6D73100017090 /* IceCreamFactory */ = {
			isa = PBXGroup;
			children = (
				70767A0421C6D73100017090 /* AppDelegate.swift */,
				70767A0621C6D73100017090 /* ViewController.swift */,
				70767A0821C6D73100017090 /* Main.storyboard */,
				70767A0B21C6D73300017090 /* Assets.xcassets */,
				70767A0D21C6D73300017090 /* LaunchScreen.storyboard */,
				70767A1021C6D73300017090 /* Info.plist */,
			);
			path = IceCreamFactory;
			sourceTree = "<group>";
		};
		70767A1821C6D73300017090 /* IceCreamFactoryTests */ = {
			isa = PBXGroup;
			children = (
				70767A1921C6D73300017090 /* IceCreamFactoryTests.swift */,
				70767A1B21C6D73300017090 /* Info.plist */,
			);
			path = IceCreamFactoryTests;
			sourceTree = "<group>";
		};
/* End PBXGroup section */

/* Begin PBXNativeTarget section */
		70767A0021C6D73100017090 /* IceCreamFactory */ = {
			isa = PBXNativeTarget;
			buildConfigurationList = 70767A1E21C6D73300017090 /* Build configuration list for PBXNativeTarget "IceCreamFactory" */;
			buildPhases = (
				707679FD21C6D73100017090 /* Sources */,
				707679FE21C6D73100017090 /* Frameworks */,
				707679FF21C6D73100017090 /* Resources */,
			);
			buildRules = (
			);
			dependencies = (
			);
			name = IceCreamFactory;
			productName = IceCreamFactory;
			productReference = 70767A0121C6D73100017090 /* IceCreamFactory.app */;
			productType = "com.apple.product-type.application";
		};
		70767A1421C6D73300017090 /* IceCreamFactoryTests */ = {
			isa = PBXNativeTarget;
			buildConfigurationList = 70767A2121C6D73300017090 /* Build configuration list for PBXNativeTarget "IceCreamFactoryTests" */;
			buildPhases = (
				70767A1121C6D73300017090 /* Sources */,
				70767A1221C6D73300017090 /* Frameworks */,
				70767A1321C6D73300017090 /* Resources */,
			);
			buildRules = (
			);
			dependencies = (
				70767A1721C6D73300017090 /* PBXTargetDependency */,
			);
			name = IceCreamFactoryTests;
			productName = IceCreamFactoryTests;
			productReference = 70767A1521C6D73300017090 /* IceCreamFactoryTests.xctest */;
			productType = "com.apple.product-type.bundle.unit-test";
		};
/* End PBXNativeTarget section */

/* Begin PBXProject section */
		707679F921C6D73100017090 /* Project object */ = {
			isa = PBXProject;
			attributes = {
				LastSwiftUpdateCheck = 1010;
				LastUpgradeCheck = 1010;
				ORGANIZATIONNAME = "Ignacio Arias";
				TargetAttributes = {
					70767A0021C6D73100017090 = {
						CreatedOnToolsVersion = 10.1;
					};
					70767A1421C6D73300017090 = {
						CreatedOnToolsVersion = 10.1;
						TestTargetID = 70767A0021C6D73100017090;
					};
				};
			};
			buildConfigurationList = 707679FC21C6D73100017090 /* Build configuration list for PBXProject "IceCreamFactory" */;
			compatibilityVersion = "Xcode 9.3";
			developmentRegion = en;
			hasScannedForEncodings = 0;
			knownRegions = (
				en,
				Base,
			);
			mainGroup = 707679F821C6D73100017090;
			productRefGroup = 70767A0221C6D73100017090 /* Products */;
			projectDirPath = "";
			projectRoot = "";
			targets = (
				70767A0021C6D73100017090 /* IceCreamFactory */,
				70767A1421C6D73300017090 /* IceCreamFactoryTests */,
			);
		};
/* End PBXProject section */

/* Begin PBXResourcesBuildPhase section */
		707679FF21C6D73100017090 /* Resources */ = {
			isa = PBXResourcesBuildPhase;
			buildActionMask = 2147483647;
			files = (
				70767A0F21C6D73300017090 /* LaunchScreen.storyboard in Resources */,
				70767A0C21C6D73300017090 /* Assets.xcassets in Resources */,
				70767A0A21C6D73100017090 /* Main.storyboard in Resources */,
			);
			runOnlyForDeploymentPostprocessing = 0;
		};
		70767A1321C6D73300017090 /* Resources */ = {
			isa = PBXResourcesBuildPhase;
			buildActionMask = 2147483647;
			files = (
			);
			runOnlyForDeploymentPostprocessing = 0;
		};
/* End PBXResourcesBuildPhase section */

/* Begin PBXSourcesBuildPhase section */
		707679FD21C6D73100017090 /* Sources */ = {
			isa = PBXSourcesBuildPhase;
			buildActionMask = 2147483647;
			files = (
				70767A0721C6D73100017090 /* ViewController.swift in Sources */,
				70767A0521C6D73100017090 /* AppDelegate.swift in Sources */,
			);
			runOnlyForDeploymentPostprocessing = 0;
		};
		70767A1121C6D73300017090 /* Sources */ = {
			isa = PBXSourcesBuildPhase;
			buildActionMask = 2147483647;
			files = (
				70767A1A21C6D73300017090 /* IceCreamFactoryTests.swift in Sources */,
			);
			runOnlyForDeploymentPostprocessing = 0;
		};
/* End PBXSourcesBuildPhase section */

/* Begin PBXTargetDependency section */
		70767A1721C6D73300017090 /* PBXTargetDependency */ = {
			isa = PBXTargetDependency;
			target = 70767A0021C6D73100017090 /* IceCreamFactory */;
			targetProxy = 70767A1621C6D73300017090 /* PBXContainerItemProxy */;
		};
/* End PBXTargetDependency section */

/* Begin PBXVariantGroup section */
		70767A0821C6D73100017090 /* Main.storyboard */ = {
			isa = PBXVariantGroup;
			children = (
				70767A0921C6D73100017090 /* Base */,
			);
			name = Main.storyboard;
			sourceTree = "<group>";
		};
		70767A0D21C6D73300017090 /* LaunchScreen.storyboard */ = {
			isa = PBXVariantGroup;
			children = (
				70767A0E21C6D73300017090 /* Base */,
			);
			name = LaunchScreen.storyboard;
			sourceTree = "<group>";
		};
/* End PBXVariantGroup section */

/* Begin XCBuildConfiguration section */
		70767A1C21C6D73300017090 /* Debug */ = {
			isa = XCBuildConfiguration;
			buildSettings = {
				ALWAYS_SEARCH_USER_PATHS = NO;
				CLANG_ANALYZER_NONNULL = YES;
				CLANG_ANALYZER_NUMBER_OBJECT_CONVERSION = YES_AGGRESSIVE;
				CLANG_CXX_LANGUAGE_STANDARD = "gnu++14";
				CLANG_CXX_LIBRARY = "libc++";
				CLANG_ENABLE_MODULES = YES;
				CLANG_ENABLE_OBJC_ARC = YES;
				CLANG_ENABLE_OBJC_WEAK = YES;
				CLANG_WARN_BLOCK_CAPTURE_AUTORELEASING = YES;
				CLANG_WARN_BOOL_CONVERSION = YES;
				CLANG_WARN_COMMA = YES;
				CLANG_WARN_CONSTANT_CONVERSION = YES;
				CLANG_WARN_DEPRECATED_OBJC_IMPLEMENTATIONS = YES;
				CLANG_WARN_DIRECT_OBJC_ISA_USAGE = YES_ERROR;
				CLANG_WARN_DOCUMENTATION_COMMENTS = YES;
				CLANG_WARN_EMPTY_BODY = YES;
				CLANG_WARN_ENUM_CONVERSION = YES;
				CLANG_WARN_INFINITE_RECURSION = YES;
				CLANG_WARN_INT_CONVERSION = YES;
				CLANG_WARN_NON_LITERAL_NULL_CONVERSION = YES;
				CLANG_WARN_OBJC_IMPLICIT_RETAIN_SELF = YES;
				CLANG_WARN_OBJC_LITERAL_CONVERSION = YES;
				CLANG_WARN_OBJC_ROOT_CLASS = YES_ERROR;
				CLANG_WARN_RANGE_LOOP_ANALYSIS = YES;
				CLANG_WARN_STRICT_PROTOTYPES = YES;
				CLANG_WARN_SUSPICIOUS_MOVE = YES;
				CLANG_WARN_UNGUARDED_AVAILABILITY = YES_AGGRESSIVE;
				CLANG_WARN_UNREACHABLE_CODE = YES;
				CLANG_WARN__DUPLICATE_METHOD_MATCH = YES;
				CODE_SIGN_IDENTITY = "iPhone Developer";
				COPY_PHASE_STRIP = NO;
				DEBUG_INFORMATION_FORMAT = dwarf;
				ENABLE_STRICT_OBJC_MSGSEND = YES;
				ENABLE_TESTABILITY = YES;
				GCC_C_LANGUAGE_STANDARD = gnu11;
				GCC_DYNAMIC_NO_PIC = NO;
				GCC_NO_COMMON_BLOCKS = YES;
				GCC_OPTIMIZATION_LEVEL = 0;
				GCC_PREPROCESSOR_DEFINITIONS = (
					"DEBUG=1",
					"$(inherited)",
				);
				GCC_WARN_64_TO_32_BIT_CONVERSION = YES;
				GCC_WARN_ABOUT_RETURN_TYPE = YES_ERROR;
				GCC_WARN_UNDECLARED_SELECTOR = YES;
				GCC_WARN_UNINITIALIZED_AUTOS = YES_AGGRESSIVE;
				GCC_WARN_UNUSED_FUNCTION = YES;
				GCC_WARN_UNUSED_VARIABLE = YES;
				IPHONEOS_DEPLOYMENT_TARGET = 12.1;
				MTL_ENABLE_DEBUG_INFO = INCLUDE_SOURCE;
				MTL_FAST_MATH = YES;
				ONLY_ACTIVE_ARCH = YES;
				SDKROOT = iphoneos;
				SWIFT_ACTIVE_COMPILATION_CONDITIONS = DEBUG;
				SWIFT_OPTIMIZATION_LEVEL = "-Onone";
			};
			name = Debug;
		};
		70767A1D21C6D73300017090 /* Release */ = {
			isa = XCBuildConfiguration;
			buildSettings = {
				ALWAYS_SEARCH_USER_PATHS = NO;
				CLANG_ANALYZER_NONNULL = YES;
				CLANG_ANALYZER_NUMBER_OBJECT_CONVERSION = YES_AGGRESSIVE;
				CLANG_CXX_LANGUAGE_STANDARD = "gnu++14";
				CLANG_CXX_LIBRARY = "libc++";
				CLANG_ENABLE_MODULES = YES;
				CLANG_ENABLE_OBJC_ARC = YES;
				CLANG_ENABLE_OBJC_WEAK = YES;
				CLANG_WARN_BLOCK_CAPTURE_AUTORELEASING = YES;
				CLANG_WARN_BOOL_CONVERSION = YES;
				CLANG_WARN_COMMA = YES;
				CLANG_WARN_CONSTANT_CONVERSION = YES;
				CLANG_WARN_DEPRECATED_OBJC_IMPLEMENTATIONS = YES;
				CLANG_WARN_DIRECT_OBJC_ISA_USAGE = YES_ERROR;
				CLANG_WARN_DOCUMENTATION_COMMENTS = YES;
				CLANG_WARN_EMPTY_BODY = YES;
				CLANG_WARN_ENUM_CONVERSION = YES;
				CLANG_WARN_INFINITE_RECURSION = YES;
				CLANG_WARN_INT_CONVERSION = YES;
				CLANG_WARN_NON_LITERAL_NULL_CONVERSION = YES;
				CLANG_WARN_OBJC_IMPLICIT_RETAIN_SELF = YES;
				CLANG_WARN_OBJC_LITERAL_CONVERSION = YES;
				CLANG_WARN_OBJC_ROOT_CLASS = YES_ERROR;
				CLANG_WARN_RANGE_LOOP_ANALYSIS = YES;
				CLANG_WARN_STRICT_PROTOTYPES = YES;
				CLANG_WARN_SUSPICIOUS_MOVE = YES;
				CLANG_WARN_UNGUARDED_AVAILABILITY = YES_AGGRESSIVE;
				CLANG_WARN_UNREACHABLE_CODE = YES;
				CLANG_WARN__DUPLICATE_METHOD_MATCH = YES;
				CODE_SIGN_IDENTITY = "iPhone Developer";
				COPY_PHASE_STRIP = NO;
				DEBUG_INFORMATION_FORMAT = "dwarf-with-dsym";
				ENABLE_NS_ASSERTIONS = NO;
				ENABLE_STRICT_OBJC_MSGSEND = YES;
				GCC_C_LANGUAGE_STANDARD = gnu11;
				GCC_NO_COMMON_BLOCKS = YES;
				GCC_WARN_64_TO_32_BIT_CONVERSION = YES;
				GCC_WARN_ABOUT_RETURN_TYPE = YES_ERROR;
				GCC_WARN_UNDECLARED_SELECTOR = YES;
				GCC_WARN_UNINITIALIZED_AUTOS = YES_AGGRESSIVE;
				GCC_WARN_UNUSED_FUNCTION = YES;
				GCC_WARN_UNUSED_VARIABLE = YES;
				IPHONEOS_DEPLOYMENT_TARGET = 12.1;
				MTL_ENABLE_DEBUG_INFO = NO;
				MTL_FAST_MATH = YES;
				SDKROOT = iphoneos;
				SWIFT_COMPILATION_MODE = wholemodule;
				SWIFT_OPTIMIZATION_LEVEL = "-O";
				VALIDATE_PRODUCT = YES;
			};
			name = Release;
		};
		70767A1F21C6D73300017090 /* Debug */ = {
			isa = XCBuildConfiguration;
			buildSettings = {
				ASSETCATALOG_COMPILER_APPICON_NAME = AppIcon;
				CODE_SIGN_STYLE = Automatic;
				DEVELOPMENT_TEAM = 8N2TVY9NM7;
				INFOPLIST_FILE = IceCreamFactory/Info.plist;
				LD_RUNPATH_SEARCH_PATHS = (
					"$(inherited)",
					"@executable_path/Frameworks",
				);
				PRODUCT_BUNDLE_IDENTIFIER = com.techluthiers.IceCreamFactory;
				PRODUCT_NAME = "$(TARGET_NAME)";
				SWIFT_VERSION = 4.2;
				TARGETED_DEVICE_FAMILY = "1,2";
			};
			name = Debug;
		};
		70767A2021C6D73300017090 /* Release */ = {
			isa = XCBuildConfiguration;
			buildSettings = {
				ASSETCATALOG_COMPILER_APPICON_NAME = AppIcon;
				CODE_SIGN_STYLE = Automatic;
				DEVELOPMENT_TEAM = 8N2TVY9NM7;
				INFOPLIST_FILE = IceCreamFactory/Info.plist;
				LD_RUNPATH_SEARCH_PATHS = (
					"$(inherited)",
					"@executable_path/Frameworks",
				);
				PRODUCT_BUNDLE_IDENTIFIER = com.techluthiers.IceCreamFactory;
				PRODUCT_NAME = "$(TARGET_NAME)";
				SWIFT_VERSION = 4.2;
				TARGETED_DEVICE_FAMILY = "1,2";
			};
			name = Release;
		};
		70767A2221C6D73300017090 /* Debug */ = {
			isa = XCBuildConfiguration;
			buildSettings = {
				ALWAYS_EMBED_SWIFT_STANDARD_LIBRARIES = YES;
				BUNDLE_LOADER = "$(TEST_HOST)";
				CODE_SIGN_STYLE = Automatic;
				DEVELOPMENT_TEAM = 8N2TVY9NM7;
				INFOPLIST_FILE = IceCreamFactoryTests/Info.plist;
				LD_RUNPATH_SEARCH_PATHS = (
					"$(inherited)",
					"@executable_path/Frameworks",
					"@loader_path/Frameworks",
				);
				PRODUCT_BUNDLE_IDENTIFIER = com.techluthiers.IceCreamFactoryTests;
				PRODUCT_NAME = "$(TARGET_NAME)";
				SWIFT_VERSION = 4.2;
				TARGETED_DEVICE_FAMILY = "1,2";
				TEST_HOST = "$(BUILT_PRODUCTS_DIR)/IceCreamFactory.app/IceCreamFactory";
			};
			name = Debug;
		};
		70767A2321C6D73300017090 /* Release */ = {
			isa = XCBuildConfiguration;
			buildSettings = {
				ALWAYS_EMBED_SWIFT_STANDARD_LIBRARIES = YES;
				BUNDLE_LOADER = "$(TEST_HOST)";
				CODE_SIGN_STYLE = Automatic;
				DEVELOPMENT_TEAM = 8N2TVY9NM7;
				INFOPLIST_FILE = IceCreamFactoryTests/Info.plist;
				LD_RUNPATH_SEARCH_PATHS = (
					"$(inherited)",
					"@executable_path/Frameworks",
					"@loader_path/Frameworks",
				);
				PRODUCT_BUNDLE_IDENTIFIER = com.techluthiers.IceCreamFactoryTests;
				PRODUCT_NAME = "$(TARGET_NAME)";
				SWIFT_VERSION = 4.2;
				TARGETED_DEVICE_FAMILY = "1,2";
				TEST_HOST = "$(BUILT_PRODUCTS_DIR)/IceCreamFactory.app/IceCreamFactory";
			};
			name = Release;
		};
/* End XCBuildConfiguration section */

/* Begin XCConfigurationList section */
		707679FC21C6D73100017090 /* Build configuration list for PBXProject "IceCreamFactory" */ = {
			isa = XCConfigurationList;
			buildConfigurations = (
				70767A1C21C6D73300017090 /* Debug */,
				70767A1D21C6D73300017090 /* Release */,
			);
			defaultConfigurationIsVisible = 0;
			defaultConfigurationName = Release;
		};
		70767A1E21C6D73300017090 /* Build configuration list for PBXNativeTarget "IceCreamFactory" */ = {
			isa = XCConfigurationList;
			buildConfigurations = (
				70767A1F21C6D73300017090 /* Debug */,
				70767A2021C6D73300017090 /* Release */,
			);
			defaultConfigurationIsVisible = 0;
			defaultConfigurationName = Release;
		};
		70767A2121C6D73300017090 /* Build configuration list for PBXNativeTarget "IceCreamFactoryTests" */ = {
			isa = XCConfigurationList;
			buildConfigurations = (
				70767A2221C6D73300017090 /* Debug */,
				70767A2321C6D73300017090 /* Release */,
			);
			defaultConfigurationIsVisible = 0;
			defaultConfigurationName = Release;
		};
/* End XCConfigurationList section */
	};
	rootObject = 707679F921C6D73100017090 /* Project object */;
}
